
Microsoft Visual Studio Solution File, Format Version 12.00
# Visual Studio 15
VisualStudioVersion = 15.0.26430.6
MinimumVisualStudioVersion = 10.0.40219.1
Project("{FAE04EC0-301F-11D3-BF4B-00C04F79EFBC}") = "Truco.Web", "Truco.Web\Truco.Web.csproj", "{8B1D37FA-C761-4C34-8FF2-C40A845818B8}"
EndProject
Project("{9A19103F-16F7-4668-BE54-9A1E7A4F7556}") = "TpTruco.Entidades", "..\TpTruco\TpTruco.Entidades\TpTruco.Entidades.csproj", "{0631C90C-FE9D-4A82-B6DF-27FA9AE4578D}"
EndProject
Project("{FAE04EC0-301F-11D3-BF4B-00C04F79EFBC}") = "TpTruco.Test", "TpTruco.Test\TpTruco.Test.csproj", "{DB0BDDA9-B90F-453D-A9A9-95439B2BDBDB}"
EndProject
Project("{FAE04EC0-301F-11D3-BF4B-00C04F79EFBC}") = "Truco.WebSite", "Truco.WebSite\Truco.WebSite.csproj", "{AA3B4851-1116-4F53-ABA9-33FDA5D03D9C}"
EndProject
Global
	GlobalSection(SolutionConfigurationPlatforms) = preSolution
		Debug|Any CPU = Debug|Any CPU
		Debug|ARM = Debug|ARM
		Debug|x64 = Debug|x64
		Debug|x86 = Debug|x86
		Release|Any CPU = Release|Any CPU
		Release|ARM = Release|ARM
		Release|x64 = Release|x64
		Release|x86 = Release|x86
	EndGlobalSection
	GlobalSection(ProjectConfigurationPlatforms) = postSolution
		{8B1D37FA-C761-4C34-8FF2-C40A845818B8}.Debug|Any CPU.ActiveCfg = Debug|Any CPU
		{8B1D37FA-C761-4C34-8FF2-C40A845818B8}.Debug|Any CPU.Build.0 = Debug|Any CPU
		{8B1D37FA-C761-4C34-8FF2-C40A845818B8}.Debug|ARM.ActiveCfg = Debug|Any CPU
		{8B1D37FA-C761-4C34-8FF2-C40A845818B8}.Debug|ARM.Build.0 = Debug|Any CPU
		{8B1D37FA-C761-4C34-8FF2-C40A845818B8}.Debug|x64.ActiveCfg = Debug|Any CPU
		{8B1D37FA-C761-4C34-8FF2-C40A845818B8}.Debug|x64.Build.0 = Debug|Any CPU
		{8B1D37FA-C761-4C34-8FF2-C40A845818B8}.Debug|x86.ActiveCfg = Debug|Any CPU
		{8B1D37FA-C761-4C34-8FF2-C40A845818B8}.Debug|x86.Build.0 = Debug|Any CPU
		{8B1D37FA-C761-4C34-8FF2-C40A845818B8}.Release|Any CPU.ActiveCfg = Release|Any CPU
		{8B1D37FA-C761-4C34-8FF2-C40A845818B8}.Release|Any CPU.Build.0 = Release|Any CPU
		{8B1D37FA-C761-4C34-8FF2-C40A845818B8}.Release|ARM.ActiveCfg = Release|Any CPU
		{8B1D37FA-C761-4C34-8FF2-C40A845818B8}.Release|ARM.Build.0 = Release|Any CPU
		{8B1D37FA-C761-4C34-8FF2-C40A845818B8}.Release|x64.ActiveCfg = Release|Any CPU
		{8B1D37FA-C761-4C34-8FF2-C40A845818B8}.Release|x64.Build.0 = Release|Any CPU
		{8B1D37FA-C761-4C34-8FF2-C40A845818B8}.Release|x86.ActiveCfg = Release|Any CPU
		{8B1D37FA-C761-4C34-8FF2-C40A845818B8}.Release|x86.Build.0 = Release|Any CPU
		{0631C90C-FE9D-4A82-B6DF-27FA9AE4578D}.Debug|Any CPU.ActiveCfg = Debug|Any CPU
		{0631C90C-FE9D-4A82-B6DF-27FA9AE4578D}.Debug|Any CPU.Build.0 = Debug|Any CPU
		{0631C90C-FE9D-4A82-B6DF-27FA9AE4578D}.Debug|ARM.ActiveCfg = Debug|Any CPU
		{0631C90C-FE9D-4A82-B6DF-27FA9AE4578D}.Debug|ARM.Build.0 = Debug|Any CPU
		{0631C90C-FE9D-4A82-B6DF-27FA9AE4578D}.Debug|x64.ActiveCfg = Debug|Any CPU
		{0631C90C-FE9D-4A82-B6DF-27FA9AE4578D}.Debug|x64.Build.0 = Debug|Any CPU
		{0631C90C-FE9D-4A82-B6DF-27FA9AE4578D}.Debug|x86.ActiveCfg = Debug|Any CPU
		{0631C90C-FE9D-4A82-B6DF-27FA9AE4578D}.Debug|x86.Build.0 = Debug|Any CPU
		{0631C90C-FE9D-4A82-B6DF-27FA9AE4578D}.Release|Any CPU.ActiveCfg = Release|Any CPU
		{0631C90C-FE9D-4A82-B6DF-27FA9AE4578D}.Release|Any CPU.Build.0 = Release|Any CPU
		{0631C90C-FE9D-4A82-B6DF-27FA9AE4578D}.Release|ARM.ActiveCfg = Release|Any CPU
		{0631C90C-FE9D-4A82-B6DF-27FA9AE4578D}.Release|ARM.Build.0 = Release|Any CPU
		{0631C90C-FE9D-4A82-B6DF-27FA9AE4578D}.Release|x64.ActiveCfg = Release|Any CPU
		{0631C90C-FE9D-4A82-B6DF-27FA9AE4578D}.Release|x64.Build.0 = Release|Any CPU
		{0631C90C-FE9D-4A82-B6DF-27FA9AE4578D}.Release|x86.ActiveCfg = Release|Any CPU
		{0631C90C-FE9D-4A82-B6DF-27FA9AE4578D}.Release|x86.Build.0 = Release|Any CPU
		{DB0BDDA9-B90F-453D-A9A9-95439B2BDBDB}.Debug|Any CPU.ActiveCfg = Debug|Any CPU
		{DB0BDDA9-B90F-453D-A9A9-95439B2BDBDB}.Debug|Any CPU.Build.0 = Debug|Any CPU
		{DB0BDDA9-B90F-453D-A9A9-95439B2BDBDB}.Debug|ARM.ActiveCfg = Debug|Any CPU
		{DB0BDDA9-B90F-453D-A9A9-95439B2BDBDB}.Debug|ARM.Build.0 = Debug|Any CPU
		{DB0BDDA9-B90F-453D-A9A9-95439B2BDBDB}.Debug|x64.ActiveCfg = Debug|Any CPU
		{DB0BDDA9-B90F-453D-A9A9-95439B2BDBDB}.Debug|x64.Build.0 = Debug|Any CPU
		{DB0BDDA9-B90F-453D-A9A9-95439B2BDBDB}.Debug|x86.ActiveCfg = Debug|Any CPU
		{DB0BDDA9-B90F-453D-A9A9-95439B2BDBDB}.Debug|x86.Build.0 = Debug|Any CPU
		{DB0BDDA9-B90F-453D-A9A9-95439B2BDBDB}.Release|Any CPU.ActiveCfg = Release|Any CPU
		{DB0BDDA9-B90F-453D-A9A9-95439B2BDBDB}.Release|Any CPU.Build.0 = Release|Any CPU
		{DB0BDDA9-B90F-453D-A9A9-95439B2BDBDB}.Release|ARM.ActiveCfg = Release|Any CPU
		{DB0BDDA9-B90F-453D-A9A9-95439B2BDBDB}.Release|ARM.Build.0 = Release|Any CPU
		{DB0BDDA9-B90F-453D-A9A9-95439B2BDBDB}.Release|x64.ActiveCfg = Release|Any CPU
		{DB0BDDA9-B90F-453D-A9A9-95439B2BDBDB}.Release|x64.Build.0 = Release|Any CPU
		{DB0BDDA9-B90F-453D-A9A9-95439B2BDBDB}.Release|x86.ActiveCfg = Release|Any CPU
		{DB0BDDA9-B90F-453D-A9A9-95439B2BDBDB}.Release|x86.Build.0 = Release|Any CPU
		{AA3B4851-1116-4F53-ABA9-33FDA5D03D9C}.Debug|Any CPU.ActiveCfg = Debug|Any CPU
		{AA3B4851-1116-4F53-ABA9-33FDA5D03D9C}.Debug|Any CPU.Build.0 = Debug|Any CPU
		{AA3B4851-1116-4F53-ABA9-33FDA5D03D9C}.Debug|ARM.ActiveCfg = Debug|Any CPU
		{AA3B4851-1116-4F53-ABA9-33FDA5D03D9C}.Debug|ARM.Build.0 = Debug|Any CPU
		{AA3B4851-1116-4F53-ABA9-33FDA5D03D9C}.Debug|x64.ActiveCfg = Debug|Any CPU
		{AA3B4851-1116-4F53-ABA9-33FDA5D03D9C}.Debug|x64.Build.0 = Debug|Any CPU
		{AA3B4851-1116-4F53-ABA9-33FDA5D03D9C}.Debug|x86.ActiveCfg = Debug|Any CPU
		{AA3B4851-1116-4F53-ABA9-33FDA5D03D9C}.Debug|x86.Build.0 = Debug|Any CPU
		{AA3B4851-1116-4F53-ABA9-33FDA5D03D9C}.Release|Any CPU.ActiveCfg = Release|Any CPU
		{AA3B4851-1116-4F53-ABA9-33FDA5D03D9C}.Release|Any CPU.Build.0 = Release|Any CPU
		{AA3B4851-1116-4F53-ABA9-33FDA5D03D9C}.Release|ARM.ActiveCfg = Release|Any CPU
		{AA3B4851-1116-4F53-ABA9-33FDA5D03D9C}.Release|ARM.Build.0 = Release|Any CPU
		{AA3B4851-1116-4F53-ABA9-33FDA5D03D9C}.Release|x64.ActiveCfg = Release|Any CPU
		{AA3B4851-1116-4F53-ABA9-33FDA5D03D9C}.Release|x64.Build.0 = Release|Any CPU
		{AA3B4851-1116-4F53-ABA9-33FDA5D03D9C}.Release|x86.ActiveCfg = Release|Any CPU
		{AA3B4851-1116-4F53-ABA9-33FDA5D03D9C}.Release|x86.Build.0 = Release|Any CPU
	EndGlobalSection
	GlobalSection(SolutionProperties) = preSolution
		HideSolutionNode = FALSE
	EndGlobalSection
EndGlobal
